{
  "name": "slicc-bios-optional",
  "lockfileVersion": 3,
  "requires": true,
  "packages": {
    "": {
      "name": "slicc-bios-optional",
      "dependencies": {
        "@ai-ecoverse/wasi-biome": "2.5.15-2",
        "@ai-ecoverse/wasi-buf": "1.73.0-2",
        "@ai-ecoverse/wasi-dig": "0.1.0-1",
        "@ai-ecoverse/wasi-esbuild": "0.28.2-2",
        "@ai-ecoverse/wasi-hf": "0.1.0-2",
        "@ai-ecoverse/wasi-typescript": "7.0.2-1",
        "@ai-ecoverse/wasix-python": "3.14.2-11",
        "@ai-ecoverse/wasix-uv-shim": "0.1.0-2",
        "@ai-ecoverse/wasm-git": "2.55.0-12",
        "@ai-ecoverse/wasm-poppler": "26.10.0-2",
        "@ai-ecoverse/wasm-qpdf": "12.4.2-1",
        "@ai-ecoverse/wasm-rsync": "3.4.4-3",
        "@ai-ecoverse/wasm-screen": "5.0.1-9",
        "@ai-ecoverse/wasm-tar": "1.35.0-4"
      }
    },
    "node_modules/@ai-ecoverse/wasi-biome": {
      "version": "2.5.15-2",
      "resolved": "https://registry.npmjs.org/@ai-ecoverse/wasi-biome/-/wasi-biome-2.5.15-2.tgz",
      "integrity": "sha512-5oIfngw8Ln2/ddCJ0wtqMoSnW+UO2zuih0+x1CNDbwKkB18TxuWoI60QFQySjd69N6eP+blL/stz/AZyoYpeuw==",
      "license": "MIT OR Apache-2.0"
    },
    "node_modules/@ai-ecoverse/wasi-buf": {
      "version": "1.73.0-2",
      "resolved": "https://registry.npmjs.org/@ai-ecoverse/wasi-buf/-/wasi-buf-1.73.0-2.tgz",
      "integrity": "sha512-zkfuvCUoe8VbKicU1GbHnGFRx6S3EI2laW37y8fJdVxfU22L2vyBLHUfCe2wVq/DDKzoQRz7OA8FxJ0xH4zIFQ==",
      "license": "Apache-2.0",
      "engines": {
        "slicc-kernel": ">=1.30.0"
      }
    },
    "node_modules/@ai-ecoverse/wasi-dig": {
      "version": "0.1.0-1",
      "resolved": "https://registry.npmjs.org/@ai-ecoverse/wasi-dig/-/wasi-dig-0.1.0-1.tgz",
      "integrity": "sha512-jGCiTdo9CRNEH+iJ1+pl7IYvghP3A5curSXhr9WigKccKkTpyzhGMpoQRfRdNIeVcy1jgbgZOoDgA4GDJpdupQ==",
      "license": "Apache-2.0"
    },
    "node_modules/@ai-ecoverse/wasi-esbuild": {
      "version": "0.28.2-2",
      "resolved": "https://registry.npmjs.org/@ai-ecoverse/wasi-esbuild/-/wasi-esbuild-0.28.2-2.tgz",
      "integrity": "sha512-Z6LXuBY2G9Po4cbEUFhbASSQ0ab5tdSHqtt1qDxNCgJFquAk525swjbTRVsj/j0v2iJVlq3Um1r2eYiYkGyLrQ==",
      "license": "MIT",
      "engines": {
        "slicc-kernel": ">=1.30.0"
      }
    },
    "node_modules/@ai-ecoverse/wasi-hf": {
      "version": "0.1.0-2",
      "resolved": "https://registry.npmjs.org/@ai-ecoverse/wasi-hf/-/wasi-hf-0.1.0-2.tgz",
      "integrity": "sha512-czWNwiw7SupJtMDONJimNPnkc81sRiM0yE80X/Ks8KEpmEpvi15suhxrij1HiOwxbYMcEp4ss1jfHpIbTUHh9A==",
      "license": "Apache-2.0"
    },
    "node_modules/@ai-ecoverse/wasi-typescript": {
      "version": "7.0.2-1",
      "resolved": "https://registry.npmjs.org/@ai-ecoverse/wasi-typescript/-/wasi-typescript-7.0.2-1.tgz",
      "integrity": "sha512-FvlAbqh0x+1ckznDGMw3zy7Ttyu07ICtzg9fP0nTaeuP2VXJ8OJTCTKp1GxY+OZEc7t6qb48VuZTgazv7AnRVA==",
      "license": "Apache-2.0"
    },
    "node_modules/@ai-ecoverse/wasix-python": {
      "version": "3.14.2-11",
      "resolved": "https://registry.npmjs.org/@ai-ecoverse/wasix-python/-/wasix-python-3.14.2-11.tgz",
      "integrity": "sha512-F8Ts6Je0glU2fwDdWQ83pkNKGzkZiZejrJBh015Qqpu/0AgvDLczRx6kk97lf88K5uuAcmwEFGJZvozsj/C61g==",
      "license": "PSF-2.0",
      "engines": {
        "slicc-kernel": ">=1.29.0"
      }
    },
    "node_modules/@ai-ecoverse/wasix-uv-shim": {
      "version": "0.1.0-2",
      "resolved": "https://registry.npmjs.org/@ai-ecoverse/wasix-uv-shim/-/wasix-uv-shim-0.1.0-2.tgz",
      "integrity": "sha512-cnkXPQZtbjckkpq6Mv0ixAHaKvvYKNaRxIGwFHOhPh1TNfqTZouF2IWAnYpb+aK00Iah3ka598Jsiep5HfU23g==",
      "license": "Apache-2.0",
      "dependencies": {
        "@ai-ecoverse/wasix-python": "3.14.2-11"
      }
    },
    "node_modules/@ai-ecoverse/wasm-bash": {
      "version": "5.3.0-10",
      "resolved": "https://registry.npmjs.org/@ai-ecoverse/wasm-bash/-/wasm-bash-5.3.0-10.tgz",
      "integrity": "sha512-VH4KGfU8mhOZUUKfqwFZeLD/00vTA5j/Iu/MYZ1DHwk1a8ZMjmAewwImhTR5YhlVZB9PF9wpftKK9OTWgSZtaA==",
      "license": "GPL-3.0-or-later"
    },
    "node_modules/@ai-ecoverse/wasm-git": {
      "version": "2.55.0-12",
      "resolved": "https://registry.npmjs.org/@ai-ecoverse/wasm-git/-/wasm-git-2.55.0-12.tgz",
      "integrity": "sha512-3Zgo4RfxDcIJcJT+N/9sUm2MtZ5L5tZqJmfh1x/Cp58TAx1qBMmVKGOaM02eeXm0D4Sm0Eeq4YYKXtKXnu4QwA==",
      "license": "GPL-2.0-only",
      "dependencies": {
        "@ai-ecoverse/wasm-bash": "5.3.0-10"
      }
    },
    "node_modules/@ai-ecoverse/wasm-poppler": {
      "version": "26.10.0-2",
      "resolved": "https://registry.npmjs.org/@ai-ecoverse/wasm-poppler/-/wasm-poppler-26.10.0-2.tgz",
      "integrity": "sha512-9t7FOwy8YBBw2eBixGzfbxROukaRlFTYWPifzPPfqkjJ/+8JMUbxVlEcqq8XQoZO9Xl+lY4MB02kckYBniV0KA==",
      "license": "GPL-2.0-only OR GPL-3.0-only"
    },
    "node_modules/@ai-ecoverse/wasm-qpdf": {
      "version": "12.4.2-1",
      "resolved": "https://registry.npmjs.org/@ai-ecoverse/wasm-qpdf/-/wasm-qpdf-12.4.2-1.tgz",
      "integrity": "sha512-fHzfYd3BAs298Ob4kVKPmXEDjGrCJ1urFfp+17ZZEjCJOZHBgfaFMruDVxf1M5Z5C7wUEwBdJZkbNWqsafVKsA==",
      "license": "Apache-2.0"
    },
    "node_modules/@ai-ecoverse/wasm-rsync": {
      "version": "3.4.4-3",
      "resolved": "https://registry.npmjs.org/@ai-ecoverse/wasm-rsync/-/wasm-rsync-3.4.4-3.tgz",
      "integrity": "sha512-i/xVordg4UzcM/c64J2UTPEJnpwN3hb3CFmGER6u9XyPjX32zg7yXPrqcsub2MPniTM/cs+gwgr3y3lX+2k+Fg==",
      "license": "GPL-3.0-or-later",
      "engines": {
        "slicc-kernel": ">=1.29.2"
      }
    },
    "node_modules/@ai-ecoverse/wasm-screen": {
      "version": "5.0.1-9",
      "resolved": "https://registry.npmjs.org/@ai-ecoverse/wasm-screen/-/wasm-screen-5.0.1-9.tgz",
      "integrity": "sha512-k3wcAieBfWa28hHWGZuA6MqhgJtQi5n0j1eyzopjSzXia9lysv39yKYGDrf5AZz6sad9unZkXSuW6u3jgo1XYg==",
      "license": "GPL-3.0-or-later"
    },
    "node_modules/@ai-ecoverse/wasm-tar": {
      "version": "1.35.0-4",
      "resolved": "https://registry.npmjs.org/@ai-ecoverse/wasm-tar/-/wasm-tar-1.35.0-4.tgz",
      "integrity": "sha512-eCZROUZ8crzsEbdL1i5lm8I8Fgup3afj3ZW9gvN9GGV5pnFae8KZhmSlszwSFPMNgA4UTBu46mfTEF0pPmkOQA==",
      "license": "GPL-3.0-or-later"
    }
  }
}
