lockfileVersion: '9.0'

settings:
  autoInstallPeers: true
  excludeLinksFromLockfile: false

importers:

  .:
    dependencies:
      '@shikijs/langs':
        specifier: 4.5.0
        version: 4.5.0
      '@shikijs/themes':
        specifier: 4.5.0
        version: 4.5.0

packages:

  '@shikijs/langs@4.5.0':
    resolution: {integrity: sha512-wwBTqwduXSz0X4v9Qa2EWeFaYJEw1clCncWjoRNQRbVDu3SPRTRWucnouYapKj3b8Q+sk/41Vbc4B5c8nuYzLA==}
    engines: {node: '>=20'}

  '@shikijs/themes@4.5.0':
    resolution: {integrity: sha512-zGb87H3UBbpuI4yoh5UguB1XbU+2BDU3kflM7UfZ+Cy2hWo9lBtqjSVK20gmLY6ukYl040hAypGXMgud9vul8Q==}
    engines: {node: '>=20'}

  '@shikijs/types@4.5.0':
    resolution: {integrity: sha512-drtPrtD8N0DENyD2cyt6Ajy+IWsiCLgMxODwLTpvH1UsN6a9jf90tNTPjqwHvA+0Lzu9e0txk8DjfqH1p9UJRw==}
    engines: {node: '>=20'}

  '@shikijs/vscode-textmate@10.0.2':
    resolution: {integrity: sha512-83yeghZ2xxin3Nj8z1NMd/NCuca+gsYXswywDy5bHvwlWL8tpTQmzGeUuHd9FC3E/SBEMvzJRwWEOz5gGes9Qg==}

  '@types/hast@3.0.5':
    resolution: {integrity: sha512-rp/ezSWaD1m44dPKICGhiskI13nVr7qTloFwDa/IYkhhf5nzwP+zIQcIJh3WIFSBOy/H1PzB40jPjMDksN4F+g==}

  '@types/unist@3.0.3':
    resolution: {integrity: sha512-ko/gIFJRv177XgZsZcBwnqJN5x/Gien8qNOn0D5bQU/zAzVf9Zt3BlcUiLqhV9y4ARk0GbT3tnUiPNgnTXzc/Q==}

snapshots:

  '@shikijs/langs@4.5.0':
    dependencies:
      '@shikijs/types': 4.5.0

  '@shikijs/themes@4.5.0':
    dependencies:
      '@shikijs/types': 4.5.0

  '@shikijs/types@4.5.0':
    dependencies:
      '@shikijs/vscode-textmate': 10.0.2
      '@types/hast': 3.0.5

  '@shikijs/vscode-textmate@10.0.2': {}

  '@types/hast@3.0.5':
    dependencies:
      '@types/unist': 3.0.3

  '@types/unist@3.0.3': {}
