{
  "name": "slicc-bios-packages",
  "lockfileVersion": 3,
  "requires": true,
  "packages": {
    "": {
      "name": "slicc-bios-packages",
      "dependencies": {
        "@ai-ecoverse/slicc-kernel": "1.14.0",
        "@ai-ecoverse/slicc-spectrum": "1.11.0",
        "@ai-ecoverse/wasi-pnpm": "12.9.1-5",
        "@ai-ecoverse/wasm-bash": "5.3.0-7",
        "@ai-ecoverse/wasm-coreutils": "9.7.0-3",
        "@ai-ecoverse/wasm-curl": "8.22.0-1",
        "@ai-ecoverse/wasm-findutils": "4.10.0-1",
        "@ai-ecoverse/wasm-gawk": "5.3.2-3",
        "@ai-ecoverse/wasm-grep": "3.12.0-3",
        "@ai-ecoverse/wasm-jq": "1.8.1-1",
        "@ai-ecoverse/wasm-less": "668.0.0-1",
        "@ai-ecoverse/wasm-sed": "4.9.0-3",
        "@ai-ecoverse/wasm-tls-engine": "3.6.5-1"
      }
    },
    "node_modules/@ai-ecoverse/slicc-kernel": {
      "version": "1.14.0",
      "resolved": "https://registry.npmjs.org/@ai-ecoverse/slicc-kernel/-/slicc-kernel-1.14.0.tgz",
      "integrity": "sha512-hntbuL3Ti9UNmGjPDXvVJhoXfZWvymz1hOuUitjSVQD38e1jvCxHuSySXZBwiKes3GFj4QU2LDkc2YdTe6Lm/w==",
      "license": "Apache-2.0",
      "engines": {
        "node": ">=24"
      }
    },
    "node_modules/@ai-ecoverse/slicc-spectrum": {
      "version": "1.11.0",
      "resolved": "https://registry.npmjs.org/@ai-ecoverse/slicc-spectrum/-/slicc-spectrum-1.11.0.tgz",
      "integrity": "sha512-s7dX3kz07mMfHuyG33XQIv/fEBPpH/0W9t9q5UwB6I8ry1VshZ5dCpUfXdPEWijv4OXvsN5imQE3gqt1vev08w==",
      "license": "Apache-2.0",
      "engines": {
        "node": ">=24"
      },
      "peerDependencies": {
        "@shikijs/langs": "4.5.0",
        "@shikijs/themes": "4.5.0"
      },
      "peerDependenciesMeta": {
        "@shikijs/langs": {
          "optional": true
        },
        "@shikijs/themes": {
          "optional": true
        }
      }
    },
    "node_modules/@ai-ecoverse/wasi-pnpm": {
      "version": "12.9.1-5",
      "resolved": "https://registry.npmjs.org/@ai-ecoverse/wasi-pnpm/-/wasi-pnpm-12.9.1-5.tgz",
      "integrity": "sha512-92KfM4GzY/G5BHNkR+zAwgikdSDV50Wq4o5sE9yxBQqPtddvw1y4eboBljwcaKXiA1z1ZVxISF2qMT0Ah2JiqA==",
      "license": "MIT",
      "engines": {
        "slicc-kernel": ">=1.7.2"
      }
    },
    "node_modules/@ai-ecoverse/wasm-bash": {
      "version": "5.3.0-7",
      "resolved": "https://registry.npmjs.org/@ai-ecoverse/wasm-bash/-/wasm-bash-5.3.0-7.tgz",
      "integrity": "sha512-XNfXF1z2vQvZuEYNm9D1n+mBRGWu4G0B8mkibEOKUpIhdaf/hkp8KCJzBtGMu4rkMb8AlqDSyTjI3RHyTqMD8w==",
      "license": "GPL-3.0-or-later"
    },
    "node_modules/@ai-ecoverse/wasm-coreutils": {
      "version": "9.7.0-3",
      "resolved": "https://registry.npmjs.org/@ai-ecoverse/wasm-coreutils/-/wasm-coreutils-9.7.0-3.tgz",
      "integrity": "sha512-92mx98TQI7IqsTfkChjI0g7sWdV1UCIH+X823oQfEBLlY86vI/joxDaH3wQuYyoyWmFE7jnWg9ePex/JT57Tfw==",
      "license": "GPL-3.0-or-later"
    },
    "node_modules/@ai-ecoverse/wasm-curl": {
      "version": "8.22.0-1",
      "resolved": "https://registry.npmjs.org/@ai-ecoverse/wasm-curl/-/wasm-curl-8.22.0-1.tgz",
      "integrity": "sha512-z0zqBmaDBgGVtIk6jFlSu6+zWi0/cErnX1cWwdekjqZvqcos6b/0Cjp6TqSTGRrOErvEMS/tPNO2sKuZJu8EoQ==",
      "license": "curl"
    },
    "node_modules/@ai-ecoverse/wasm-findutils": {
      "version": "4.10.0-1",
      "resolved": "https://registry.npmjs.org/@ai-ecoverse/wasm-findutils/-/wasm-findutils-4.10.0-1.tgz",
      "integrity": "sha512-po+LETQGNQtaJ6z+YvbxRC1IoSR8afYcgHpPj07CYZ5Ep5yP6FwHhnRsMiyuux4UWtRDCTWBxEH5uqqwg+dnYg==",
      "license": "GPL-3.0-or-later"
    },
    "node_modules/@ai-ecoverse/wasm-gawk": {
      "version": "5.3.2-3",
      "resolved": "https://registry.npmjs.org/@ai-ecoverse/wasm-gawk/-/wasm-gawk-5.3.2-3.tgz",
      "integrity": "sha512-QRtW7PCozt9SQymaq+h3VpC3hrppLIa/AlQtLdr/7LDhoGREV165p55S8Z4qGlvtDXpbBMfDjEXy5QR9q6vOGw==",
      "license": "GPL-3.0-or-later"
    },
    "node_modules/@ai-ecoverse/wasm-grep": {
      "version": "3.12.0-3",
      "resolved": "https://registry.npmjs.org/@ai-ecoverse/wasm-grep/-/wasm-grep-3.12.0-3.tgz",
      "integrity": "sha512-2zUPO95WUlvdlRp2EOZW4ABaTvPdmF6qwX/mSWke1r51vW1NXTsqx1G+EXRwNFPzeYcOih17GViA0XGA7ph3/g==",
      "license": "GPL-3.0-or-later"
    },
    "node_modules/@ai-ecoverse/wasm-jq": {
      "version": "1.8.1-1",
      "resolved": "https://registry.npmjs.org/@ai-ecoverse/wasm-jq/-/wasm-jq-1.8.1-1.tgz",
      "integrity": "sha512-1ig4uO/dzDE6WoAwRmCnXn/SYv+Ux5Iac3+Ubb/eES9WQSffrnRMXi2YXIbYN7zEHlw6b2dlGfadYiR3isg2yg==",
      "license": "MIT"
    },
    "node_modules/@ai-ecoverse/wasm-less": {
      "version": "668.0.0-1",
      "resolved": "https://registry.npmjs.org/@ai-ecoverse/wasm-less/-/wasm-less-668.0.0-1.tgz",
      "integrity": "sha512-1aUW5mgMfca6fyUMKRc1sILTe8PwokaP1kpZezOX6BhFkzMWnvzDir/U08Rtj6Uyn7fudHIZmKfSh47P/5Ph0A==",
      "license": "GPL-3.0-or-later OR BSD-2-Clause"
    },
    "node_modules/@ai-ecoverse/wasm-sed": {
      "version": "4.9.0-3",
      "resolved": "https://registry.npmjs.org/@ai-ecoverse/wasm-sed/-/wasm-sed-4.9.0-3.tgz",
      "integrity": "sha512-t+sfLSgTzFW5tyysusEtV7D1xPY/qELvbNAqbNobp8/q898b0zFZrM2b2/PjNN5o1O6jEgjOTHuT1Z71tzb9bw==",
      "license": "GPL-3.0-or-later"
    },
    "node_modules/@ai-ecoverse/wasm-tls-engine": {
      "version": "3.6.5-1",
      "resolved": "https://registry.npmjs.org/@ai-ecoverse/wasm-tls-engine/-/wasm-tls-engine-3.6.5-1.tgz",
      "integrity": "sha512-4dy6QCAUwpN6EG7njdeYDmtNXpy1+3jU+qLuwl6/dOs7S+fO/Ybcs+XfZWgp9LFUYEE1mQfr+8bqkgiOwK8RnQ==",
      "license": "Apache-2.0"
    }
  }
}
