{
  "name": "slicc-bios-packages",
  "lockfileVersion": 3,
  "requires": true,
  "packages": {
    "": {
      "name": "slicc-bios-packages",
      "dependencies": {
        "@ai-ecoverse/slicc-kernel": "1.7.2",
        "@ai-ecoverse/slicc-spectrum": "1.5.0",
        "@ai-ecoverse/wasi-pnpm": "12.9.1-1",
        "@ai-ecoverse/wasm-bash": "5.3.0-7",
        "@ai-ecoverse/wasm-coreutils": "9.7.0-3",
        "@ai-ecoverse/wasm-curl": "8.22.0-1",
        "@ai-ecoverse/wasm-findutils": "4.10.0-1",
        "@ai-ecoverse/wasm-gawk": "5.3.2-3",
        "@ai-ecoverse/wasm-grep": "3.12.0-3",
        "@ai-ecoverse/wasm-jq": "1.8.1-1",
        "@ai-ecoverse/wasm-less": "668.0.0-1",
        "@ai-ecoverse/wasm-sed": "4.9.0-3",
        "@ai-ecoverse/wasm-tls-engine": "3.6.5-1",
        "@shikijs/langs": "4.5.0",
        "@shikijs/themes": "4.5.0"
      }
    },
    "node_modules/@ai-ecoverse/slicc-kernel": {
      "version": "1.7.2",
      "resolved": "https://registry.npmjs.org/@ai-ecoverse/slicc-kernel/-/slicc-kernel-1.7.2.tgz",
      "integrity": "sha512-Jsk05+voBfHBdR+uc1VuVYbSNGz+PY23F+koEH4trEVp/0vMff3ltilUElecp+KUiai53a1yq9rP9pu+HZYZnA==",
      "license": "Apache-2.0",
      "engines": {
        "node": ">=24"
      }
    },
    "node_modules/@ai-ecoverse/slicc-spectrum": {
      "version": "1.5.0",
      "resolved": "https://registry.npmjs.org/@ai-ecoverse/slicc-spectrum/-/slicc-spectrum-1.5.0.tgz",
      "integrity": "sha512-Umno7uJ72fCNiHQ7NCUqz4DAjI1lmVFr+WtX/1M3wUQ9N9wLsTae0Fedjx2LRn2G8N+oOlOwmIP+M630TBT7ng==",
      "license": "Apache-2.0",
      "engines": {
        "node": ">=24"
      },
      "peerDependencies": {
        "@shikijs/langs": "4.5.0",
        "@shikijs/themes": "4.5.0"
      },
      "peerDependenciesMeta": {
        "@shikijs/langs": {
          "optional": true
        },
        "@shikijs/themes": {
          "optional": true
        }
      }
    },
    "node_modules/@ai-ecoverse/wasi-pnpm": {
      "version": "12.9.1-1",
      "resolved": "https://registry.npmjs.org/@ai-ecoverse/wasi-pnpm/-/wasi-pnpm-12.9.1-1.tgz",
      "integrity": "sha512-EZIxCu6tCTvdCAHGKQjdXjIXSHyCACIKospIURf/hgw2K9wmOYVu+8vBHgx5ZF+I2RbHz5DiyI35e+by74Q9Pg==",
      "license": "MIT"
    },
    "node_modules/@ai-ecoverse/wasm-bash": {
      "version": "5.3.0-7",
      "resolved": "https://registry.npmjs.org/@ai-ecoverse/wasm-bash/-/wasm-bash-5.3.0-7.tgz",
      "integrity": "sha512-XNfXF1z2vQvZuEYNm9D1n+mBRGWu4G0B8mkibEOKUpIhdaf/hkp8KCJzBtGMu4rkMb8AlqDSyTjI3RHyTqMD8w==",
      "license": "GPL-3.0-or-later"
    },
    "node_modules/@ai-ecoverse/wasm-coreutils": {
      "version": "9.7.0-3",
      "resolved": "https://registry.npmjs.org/@ai-ecoverse/wasm-coreutils/-/wasm-coreutils-9.7.0-3.tgz",
      "integrity": "sha512-92mx98TQI7IqsTfkChjI0g7sWdV1UCIH+X823oQfEBLlY86vI/joxDaH3wQuYyoyWmFE7jnWg9ePex/JT57Tfw==",
      "license": "GPL-3.0-or-later"
    },
    "node_modules/@ai-ecoverse/wasm-curl": {
      "version": "8.22.0-1",
      "resolved": "https://registry.npmjs.org/@ai-ecoverse/wasm-curl/-/wasm-curl-8.22.0-1.tgz",
      "integrity": "sha512-z0zqBmaDBgGVtIk6jFlSu6+zWi0/cErnX1cWwdekjqZvqcos6b/0Cjp6TqSTGRrOErvEMS/tPNO2sKuZJu8EoQ==",
      "license": "curl"
    },
    "node_modules/@ai-ecoverse/wasm-findutils": {
      "version": "4.10.0-1",
      "resolved": "https://registry.npmjs.org/@ai-ecoverse/wasm-findutils/-/wasm-findutils-4.10.0-1.tgz",
      "integrity": "sha512-po+LETQGNQtaJ6z+YvbxRC1IoSR8afYcgHpPj07CYZ5Ep5yP6FwHhnRsMiyuux4UWtRDCTWBxEH5uqqwg+dnYg==",
      "license": "GPL-3.0-or-later"
    },
    "node_modules/@ai-ecoverse/wasm-gawk": {
      "version": "5.3.2-3",
      "resolved": "https://registry.npmjs.org/@ai-ecoverse/wasm-gawk/-/wasm-gawk-5.3.2-3.tgz",
      "integrity": "sha512-QRtW7PCozt9SQymaq+h3VpC3hrppLIa/AlQtLdr/7LDhoGREV165p55S8Z4qGlvtDXpbBMfDjEXy5QR9q6vOGw==",
      "license": "GPL-3.0-or-later"
    },
    "node_modules/@ai-ecoverse/wasm-grep": {
      "version": "3.12.0-3",
      "resolved": "https://registry.npmjs.org/@ai-ecoverse/wasm-grep/-/wasm-grep-3.12.0-3.tgz",
      "integrity": "sha512-2zUPO95WUlvdlRp2EOZW4ABaTvPdmF6qwX/mSWke1r51vW1NXTsqx1G+EXRwNFPzeYcOih17GViA0XGA7ph3/g==",
      "license": "GPL-3.0-or-later"
    },
    "node_modules/@ai-ecoverse/wasm-jq": {
      "version": "1.8.1-1",
      "resolved": "https://registry.npmjs.org/@ai-ecoverse/wasm-jq/-/wasm-jq-1.8.1-1.tgz",
      "integrity": "sha512-1ig4uO/dzDE6WoAwRmCnXn/SYv+Ux5Iac3+Ubb/eES9WQSffrnRMXi2YXIbYN7zEHlw6b2dlGfadYiR3isg2yg==",
      "license": "MIT"
    },
    "node_modules/@ai-ecoverse/wasm-less": {
      "version": "668.0.0-1",
      "resolved": "https://registry.npmjs.org/@ai-ecoverse/wasm-less/-/wasm-less-668.0.0-1.tgz",
      "integrity": "sha512-1aUW5mgMfca6fyUMKRc1sILTe8PwokaP1kpZezOX6BhFkzMWnvzDir/U08Rtj6Uyn7fudHIZmKfSh47P/5Ph0A==",
      "license": "GPL-3.0-or-later OR BSD-2-Clause"
    },
    "node_modules/@ai-ecoverse/wasm-sed": {
      "version": "4.9.0-3",
      "resolved": "https://registry.npmjs.org/@ai-ecoverse/wasm-sed/-/wasm-sed-4.9.0-3.tgz",
      "integrity": "sha512-t+sfLSgTzFW5tyysusEtV7D1xPY/qELvbNAqbNobp8/q898b0zFZrM2b2/PjNN5o1O6jEgjOTHuT1Z71tzb9bw==",
      "license": "GPL-3.0-or-later"
    },
    "node_modules/@ai-ecoverse/wasm-tls-engine": {
      "version": "3.6.5-1",
      "resolved": "https://registry.npmjs.org/@ai-ecoverse/wasm-tls-engine/-/wasm-tls-engine-3.6.5-1.tgz",
      "integrity": "sha512-4dy6QCAUwpN6EG7njdeYDmtNXpy1+3jU+qLuwl6/dOs7S+fO/Ybcs+XfZWgp9LFUYEE1mQfr+8bqkgiOwK8RnQ==",
      "license": "Apache-2.0"
    },
    "node_modules/@shikijs/langs": {
      "version": "4.5.0",
      "resolved": "https://registry.npmjs.org/@shikijs/langs/-/langs-4.5.0.tgz",
      "integrity": "sha512-wwBTqwduXSz0X4v9Qa2EWeFaYJEw1clCncWjoRNQRbVDu3SPRTRWucnouYapKj3b8Q+sk/41Vbc4B5c8nuYzLA==",
      "license": "MIT",
      "dependencies": {
        "@shikijs/types": "4.5.0"
      },
      "engines": {
        "node": ">=20"
      }
    },
    "node_modules/@shikijs/themes": {
      "version": "4.5.0",
      "resolved": "https://registry.npmjs.org/@shikijs/themes/-/themes-4.5.0.tgz",
      "integrity": "sha512-zGb87H3UBbpuI4yoh5UguB1XbU+2BDU3kflM7UfZ+Cy2hWo9lBtqjSVK20gmLY6ukYl040hAypGXMgud9vul8Q==",
      "license": "MIT",
      "dependencies": {
        "@shikijs/types": "4.5.0"
      },
      "engines": {
        "node": ">=20"
      }
    },
    "node_modules/@shikijs/types": {
      "version": "4.5.0",
      "resolved": "https://registry.npmjs.org/@shikijs/types/-/types-4.5.0.tgz",
      "integrity": "sha512-drtPrtD8N0DENyD2cyt6Ajy+IWsiCLgMxODwLTpvH1UsN6a9jf90tNTPjqwHvA+0Lzu9e0txk8DjfqH1p9UJRw==",
      "license": "MIT",
      "dependencies": {
        "@shikijs/vscode-textmate": "^10.0.2",
        "@types/hast": "^3.0.5"
      },
      "engines": {
        "node": ">=20"
      }
    },
    "node_modules/@shikijs/vscode-textmate": {
      "version": "10.0.2",
      "resolved": "https://registry.npmjs.org/@shikijs/vscode-textmate/-/vscode-textmate-10.0.2.tgz",
      "integrity": "sha512-83yeghZ2xxin3Nj8z1NMd/NCuca+gsYXswywDy5bHvwlWL8tpTQmzGeUuHd9FC3E/SBEMvzJRwWEOz5gGes9Qg==",
      "license": "MIT"
    },
    "node_modules/@types/hast": {
      "version": "3.0.5",
      "resolved": "https://registry.npmjs.org/@types/hast/-/hast-3.0.5.tgz",
      "integrity": "sha512-rp/ezSWaD1m44dPKICGhiskI13nVr7qTloFwDa/IYkhhf5nzwP+zIQcIJh3WIFSBOy/H1PzB40jPjMDksN4F+g==",
      "license": "MIT",
      "dependencies": {
        "@types/unist": "*"
      }
    },
    "node_modules/@types/unist": {
      "version": "3.0.3",
      "resolved": "https://registry.npmjs.org/@types/unist/-/unist-3.0.3.tgz",
      "integrity": "sha512-ko/gIFJRv177XgZsZcBwnqJN5x/Gien8qNOn0D5bQU/zAzVf9Zt3BlcUiLqhV9y4ARk0GbT3tnUiPNgnTXzc/Q==",
      "license": "MIT"
    }
  }
}
