{
  "name": "slicc-bios-packages",
  "lockfileVersion": 3,
  "requires": true,
  "packages": {
    "": {
      "name": "slicc-bios-packages",
      "dependencies": {
        "@ai-ecoverse/slicc-kernel": "1.19.0",
        "@ai-ecoverse/slicc-spectrum": "1.27.0",
        "@ai-ecoverse/wasi-pnpm": "12.9.1-6",
        "@ai-ecoverse/wasm-bash": "5.3.0-8",
        "@ai-ecoverse/wasm-coreutils": "9.12.0-3",
        "@ai-ecoverse/wasm-curl": "8.22.0-1",
        "@ai-ecoverse/wasm-findutils": "4.11.0-1",
        "@ai-ecoverse/wasm-gawk": "5.3.2-3",
        "@ai-ecoverse/wasm-grep": "3.12.0-3",
        "@ai-ecoverse/wasm-jq": "1.8.2-1",
        "@ai-ecoverse/wasm-less": "668.0.0-1",
        "@ai-ecoverse/wasm-mount": "1.0.0-1",
        "@ai-ecoverse/wasm-procps": "4.0.5-2",
        "@ai-ecoverse/wasm-sed": "4.9.0-3",
        "@ai-ecoverse/wasm-tls-engine": "3.6.5-1",
        "@ai-ecoverse/wasm-which": "2.23.0-1"
      }
    },
    "node_modules/@ai-ecoverse/slicc-kernel": {
      "version": "1.19.0",
      "resolved": "https://registry.npmjs.org/@ai-ecoverse/slicc-kernel/-/slicc-kernel-1.19.0.tgz",
      "integrity": "sha512-IHhaiKMLjrDIbn5L9ef3TWYYG3YshKf5h34fw224w5JZku8Eh+EZL1ir8yra8MC92/rV7A6wFbfjbhzR9LbhTg==",
      "license": "Apache-2.0",
      "engines": {
        "node": ">=24"
      }
    },
    "node_modules/@ai-ecoverse/slicc-spectrum": {
      "version": "1.27.0",
      "resolved": "https://registry.npmjs.org/@ai-ecoverse/slicc-spectrum/-/slicc-spectrum-1.27.0.tgz",
      "integrity": "sha512-Nk5PI6IuKVkCHl76ArTXJt2YpO+6El7R2lF5qJrK+4Kwm+etuIhG1Hm29eHCZi9bj36sNnLZ1fbF0SMQQKrtGA==",
      "license": "Apache-2.0",
      "engines": {
        "node": ">=24"
      },
      "peerDependencies": {
        "@shikijs/langs": "4.5.0",
        "@shikijs/themes": "4.5.0"
      },
      "peerDependenciesMeta": {
        "@shikijs/langs": {
          "optional": true
        },
        "@shikijs/themes": {
          "optional": true
        }
      }
    },
    "node_modules/@ai-ecoverse/wasi-pnpm": {
      "version": "12.9.1-6",
      "resolved": "https://registry.npmjs.org/@ai-ecoverse/wasi-pnpm/-/wasi-pnpm-12.9.1-6.tgz",
      "integrity": "sha512-+FXCUltNazIxJKFV6LBgMcWywPUpeGGEPFdxY1nQKNzYL6sfgiUSUvVW+CihVhX18NJLfX8qUPgIBpr8k9xUeg==",
      "license": "MIT",
      "engines": {
        "slicc-kernel": ">=1.7.2"
      }
    },
    "node_modules/@ai-ecoverse/wasm-bash": {
      "version": "5.3.0-8",
      "resolved": "https://registry.npmjs.org/@ai-ecoverse/wasm-bash/-/wasm-bash-5.3.0-8.tgz",
      "integrity": "sha512-5ZV/N3qcfPBYfMYhGut9psL3RF7sKRvJ+1KBChnbFSntNFe4vEkR4WsTBIrMIlItJm20bG3NFUFVR2tYDa/MPQ==",
      "license": "GPL-3.0-or-later"
    },
    "node_modules/@ai-ecoverse/wasm-coreutils": {
      "version": "9.12.0-3",
      "resolved": "https://registry.npmjs.org/@ai-ecoverse/wasm-coreutils/-/wasm-coreutils-9.12.0-3.tgz",
      "integrity": "sha512-CDTyom4JGCnsJb68V5sv48nzN9kJyU3FuNmJgq1LPjWNq6xBAQTUfXiIsXzQ6MbxZugRztOhA1qIXBhpjhXkQA==",
      "license": "GPL-3.0-or-later"
    },
    "node_modules/@ai-ecoverse/wasm-curl": {
      "version": "8.22.0-1",
      "resolved": "https://registry.npmjs.org/@ai-ecoverse/wasm-curl/-/wasm-curl-8.22.0-1.tgz",
      "integrity": "sha512-z0zqBmaDBgGVtIk6jFlSu6+zWi0/cErnX1cWwdekjqZvqcos6b/0Cjp6TqSTGRrOErvEMS/tPNO2sKuZJu8EoQ==",
      "license": "curl"
    },
    "node_modules/@ai-ecoverse/wasm-findutils": {
      "version": "4.11.0-1",
      "resolved": "https://registry.npmjs.org/@ai-ecoverse/wasm-findutils/-/wasm-findutils-4.11.0-1.tgz",
      "integrity": "sha512-MKF21UnnF5IQCkMcwGfjbdgsq3eb0vzW76HHAl4XGkdf46wPvjPsNFdqBcgavkPO5YGhukLwZLT2EawnKeV88A==",
      "license": "GPL-3.0-or-later"
    },
    "node_modules/@ai-ecoverse/wasm-gawk": {
      "version": "5.3.2-3",
      "resolved": "https://registry.npmjs.org/@ai-ecoverse/wasm-gawk/-/wasm-gawk-5.3.2-3.tgz",
      "integrity": "sha512-QRtW7PCozt9SQymaq+h3VpC3hrppLIa/AlQtLdr/7LDhoGREV165p55S8Z4qGlvtDXpbBMfDjEXy5QR9q6vOGw==",
      "license": "GPL-3.0-or-later"
    },
    "node_modules/@ai-ecoverse/wasm-grep": {
      "version": "3.12.0-3",
      "resolved": "https://registry.npmjs.org/@ai-ecoverse/wasm-grep/-/wasm-grep-3.12.0-3.tgz",
      "integrity": "sha512-2zUPO95WUlvdlRp2EOZW4ABaTvPdmF6qwX/mSWke1r51vW1NXTsqx1G+EXRwNFPzeYcOih17GViA0XGA7ph3/g==",
      "license": "GPL-3.0-or-later"
    },
    "node_modules/@ai-ecoverse/wasm-jq": {
      "version": "1.8.2-1",
      "resolved": "https://registry.npmjs.org/@ai-ecoverse/wasm-jq/-/wasm-jq-1.8.2-1.tgz",
      "integrity": "sha512-OLqTLjNgChD03E069QAjOuXOw+I6gY4AvWqfHjNlpfLfphyJGJCgpYA0+Y/kIjVNXpDdsnQJ/IvfZIdujHsTXg==",
      "license": "MIT"
    },
    "node_modules/@ai-ecoverse/wasm-less": {
      "version": "668.0.0-1",
      "resolved": "https://registry.npmjs.org/@ai-ecoverse/wasm-less/-/wasm-less-668.0.0-1.tgz",
      "integrity": "sha512-1aUW5mgMfca6fyUMKRc1sILTe8PwokaP1kpZezOX6BhFkzMWnvzDir/U08Rtj6Uyn7fudHIZmKfSh47P/5Ph0A==",
      "license": "GPL-3.0-or-later OR BSD-2-Clause"
    },
    "node_modules/@ai-ecoverse/wasm-mount": {
      "version": "1.0.0-1",
      "resolved": "https://registry.npmjs.org/@ai-ecoverse/wasm-mount/-/wasm-mount-1.0.0-1.tgz",
      "integrity": "sha512-s0C3IR/N+qEzNMBLgUO0gQX2sWdI607yZnbo2b7jkALtlhwpiQ1y2Ak1NjyMkDLNuvZyscsleDwFIsCuP50e1Q==",
      "license": "Apache-2.0"
    },
    "node_modules/@ai-ecoverse/wasm-procps": {
      "version": "4.0.5-2",
      "resolved": "https://registry.npmjs.org/@ai-ecoverse/wasm-procps/-/wasm-procps-4.0.5-2.tgz",
      "integrity": "sha512-6LXW03jUdlmwCqVjQt1IZhpbwtpC7CSfhlQKdNGPi9mN6XwuvNEWR9b9FpvexD3wfkhNK4oZFNn+NBJS4ZQEtA==",
      "license": "GPL-2.0-or-later"
    },
    "node_modules/@ai-ecoverse/wasm-sed": {
      "version": "4.9.0-3",
      "resolved": "https://registry.npmjs.org/@ai-ecoverse/wasm-sed/-/wasm-sed-4.9.0-3.tgz",
      "integrity": "sha512-t+sfLSgTzFW5tyysusEtV7D1xPY/qELvbNAqbNobp8/q898b0zFZrM2b2/PjNN5o1O6jEgjOTHuT1Z71tzb9bw==",
      "license": "GPL-3.0-or-later"
    },
    "node_modules/@ai-ecoverse/wasm-tls-engine": {
      "version": "3.6.5-1",
      "resolved": "https://registry.npmjs.org/@ai-ecoverse/wasm-tls-engine/-/wasm-tls-engine-3.6.5-1.tgz",
      "integrity": "sha512-4dy6QCAUwpN6EG7njdeYDmtNXpy1+3jU+qLuwl6/dOs7S+fO/Ybcs+XfZWgp9LFUYEE1mQfr+8bqkgiOwK8RnQ==",
      "license": "Apache-2.0"
    },
    "node_modules/@ai-ecoverse/wasm-which": {
      "version": "2.23.0-1",
      "resolved": "https://registry.npmjs.org/@ai-ecoverse/wasm-which/-/wasm-which-2.23.0-1.tgz",
      "integrity": "sha512-ijCQxAjVhGT/2vlNrpNSWuXzGAGFOncJtad1QdYBD4iYB5AUdweGGTS+sfKVOb8C4OKgq6p/emFHp6KMhd9+jA==",
      "license": "GPL-3.0-or-later"
    }
  }
}
