lockfileVersion: '9.0'

settings:
  autoInstallPeers: true
  excludeLinksFromLockfile: false

importers:

  .:
    dependencies:
      '@ai-ecoverse/slicc-cdp':
        specifier: 1.3.3
        version: 1.3.3
      '@ai-ecoverse/slicc-kernel':
        specifier: 1.47.1
        version: 1.47.1
      '@ai-ecoverse/slicc-spectrum':
        specifier: 1.47.3
        version: 1.47.3
      '@ai-ecoverse/wasi-pnpm':
        specifier: 12.9.1-8
        version: 12.9.1-8
      '@ai-ecoverse/wasi-ripgrep':
        specifier: 15.2.0-3
        version: 15.2.0-3
      '@ai-ecoverse/wasm-bash':
        specifier: 5.3.0-13
        version: 5.3.0-13
      '@ai-ecoverse/wasm-coreutils':
        specifier: 9.12.0-5
        version: 9.12.0-5
      '@ai-ecoverse/wasm-curl':
        specifier: 8.22.0-4
        version: 8.22.0-4
      '@ai-ecoverse/wasm-diffutils':
        specifier: 3.12.0-1
        version: 3.12.0-1
      '@ai-ecoverse/wasm-findutils':
        specifier: 4.11.0-1
        version: 4.11.0-1
      '@ai-ecoverse/wasm-gawk':
        specifier: 5.4.1-2
        version: 5.4.1-2
      '@ai-ecoverse/wasm-grep':
        specifier: 3.12.0-3
        version: 3.12.0-3
      '@ai-ecoverse/wasm-jq':
        specifier: 1.8.2-2
        version: 1.8.2-2
      '@ai-ecoverse/wasm-less':
        specifier: 668.0.0-2
        version: 668.0.0-2
      '@ai-ecoverse/wasm-mount':
        specifier: 1.0.0-1
        version: 1.0.0-1
      '@ai-ecoverse/wasm-ncurses-utils':
        specifier: 6.5.0-1
        version: 6.5.0-1
      '@ai-ecoverse/wasm-patch':
        specifier: 2.8.0-1
        version: 2.8.0-1
      '@ai-ecoverse/wasm-procps':
        specifier: 4.0.5-3
        version: 4.0.5-3
      '@ai-ecoverse/wasm-sed':
        specifier: 4.9.0-3
        version: 4.9.0-3
      '@ai-ecoverse/wasm-tls-engine':
        specifier: 3.6.5-1
        version: 3.6.5-1
      '@ai-ecoverse/wasm-tree':
        specifier: 2.3.2-1
        version: 2.3.2-1
      '@ai-ecoverse/wasm-which':
        specifier: 2.23.0-1
        version: 2.23.0-1

packages:

  '@ai-ecoverse/slicc-cdp@1.3.3':
    resolution: {integrity: sha512-gnMXHW27MTuqZsz/RocF7Dw7f8AlkXY/55yChSShT3mK3tzlv3LljU0d7/DUBTu3hyb/4LiVtdbFT5GTFlHdlQ==}
    engines: {node: '>=24'}

  '@ai-ecoverse/slicc-kernel@1.47.1':
    resolution: {integrity: sha512-QO6J6PP+GlPfhXEEsAK3hVc0ZalGyrnf44VRCtWjMChpTnUhmBpGGBcFAM+t5DmnMXqmgkKo4kaBskHZjkqqlQ==}
    engines: {node: '>=24'}

  '@ai-ecoverse/slicc-spectrum@1.47.3':
    resolution: {integrity: sha512-VuBV+cFcgMifcvNItCJpuxgXtoC46EoBAQlASNZdWEnMMALF0ZmmFIxj7W3pqISPVcp4KtHIfHFkJtS8On9mPQ==}
    engines: {node: '>=24'}
    peerDependencies:
      '@shikijs/langs': 4.5.0
      '@shikijs/themes': 4.5.0
    peerDependenciesMeta:
      '@shikijs/langs':
        optional: true
      '@shikijs/themes':
        optional: true

  '@ai-ecoverse/wasi-pnpm@12.9.1-8':
    resolution: {integrity: sha512-/3LRssC7T2t9HovusS9neuDg5+FNMhf90MkECauL1vZI/6BsQSadLyopnzn3ifYvY0LDC+Q8Src22oGCE+x1QA==}
    engines: {slicc-kernel: '>=1.7.2'}

  '@ai-ecoverse/wasi-ripgrep@15.2.0-3':
    resolution: {integrity: sha512-UYnMCCev7OQYAOGJ+sO/wbmZGg5mOlsaa8zJPtsrere2mrKHczvwMYmLnGeC1cqV3XW/AwRlMNk0j+S3pYUZ2A==}
    engines: {slicc-kernel: '>=1.34.1'}

  '@ai-ecoverse/wasm-bash@5.3.0-13':
    resolution: {integrity: sha512-pusddMmR2Y7k1fSDtF8vCNzPcpe4LCPEvwPhsxhnx9V7NmMcdudBvPE1nKLzetnqNQtXLjVaMNvKPxzrLO9KGw==}
    engines: {slicc-kernel: '>=1.44.0'}

  '@ai-ecoverse/wasm-coreutils@9.12.0-5':
    resolution: {integrity: sha512-FYVgCa3FEGBTci7YV9nwuqDsmPXqErNjKwCjj7JQ5JahoV5/uv1DriGQn3+kT1p4RYIcMKp4Ca4OtUz1DtV3Fg==}
    engines: {slicc-kernel: '>=1.44.0'}

  '@ai-ecoverse/wasm-curl@8.22.0-4':
    resolution: {integrity: sha512-FYCuUOylMQ6iPLJUvCAMk0lqcdb764t+9xv8qrIAOyQJWtSJrnUNntP7APzHo4m6I3LYJqYDO1NrImqc29S6Yg==}

  '@ai-ecoverse/wasm-diffutils@3.12.0-1':
    resolution: {integrity: sha512-k8vezSs6/M0Mu/PxymsxvyM6lYym7nm+otzb+Epnw6dN9TiW/67Rtpk1YcbcLcIvqMIQpvUIzqVFhTBMIjoYMQ==}

  '@ai-ecoverse/wasm-findutils@4.11.0-1':
    resolution: {integrity: sha512-MKF21UnnF5IQCkMcwGfjbdgsq3eb0vzW76HHAl4XGkdf46wPvjPsNFdqBcgavkPO5YGhukLwZLT2EawnKeV88A==}

  '@ai-ecoverse/wasm-gawk@5.4.1-2':
    resolution: {integrity: sha512-0VAhYN6S5LG/0U/L5/N7cFkQEGbfT4pCrn04lYN8febswwLeEmkI8H2GCpeJzXCPoeT7h7grfe8WDnxjWA2JIg==}

  '@ai-ecoverse/wasm-grep@3.12.0-3':
    resolution: {integrity: sha512-2zUPO95WUlvdlRp2EOZW4ABaTvPdmF6qwX/mSWke1r51vW1NXTsqx1G+EXRwNFPzeYcOih17GViA0XGA7ph3/g==}

  '@ai-ecoverse/wasm-jq@1.8.2-2':
    resolution: {integrity: sha512-lP0JB5DroQj0EUUfQTz8FPUIDIK2q3EDomXTtz5hzZnns8pPWBoeGcH79SiVjCEu5cREEDPeYS87oSA0uYFbaQ==}

  '@ai-ecoverse/wasm-less@668.0.0-2':
    resolution: {integrity: sha512-UlQHO4nK5Xdh/xUYy7O5Wyn/CK8PROFZB/DsGsHagOd2EBLTqEKmEIEQIyxR1EQx/2oWCVSLvatGVS8rqr8QXA==}

  '@ai-ecoverse/wasm-mount@1.0.0-1':
    resolution: {integrity: sha512-s0C3IR/N+qEzNMBLgUO0gQX2sWdI607yZnbo2b7jkALtlhwpiQ1y2Ak1NjyMkDLNuvZyscsleDwFIsCuP50e1Q==}

  '@ai-ecoverse/wasm-ncurses-utils@6.5.0-1':
    resolution: {integrity: sha512-Csbtl50xEJKVCHWf4JOg5ELrCW/V3U7r1RUsvOMxo8+N73D2yvlOLwSVW7xb/jecp+DfNqxJka9aNxbcfOl1OA==}

  '@ai-ecoverse/wasm-patch@2.8.0-1':
    resolution: {integrity: sha512-yy8fqdP6W2iYIaqdcEf1Xi+IElZFOzwJ2peJ4UEtxnmWrEPG+LzAoupe9qWqmrXTJsthe/LzwgyQYh4i2Roqbg==}

  '@ai-ecoverse/wasm-procps@4.0.5-3':
    resolution: {integrity: sha512-NvioXl1q7DP/xq3DEENgicSyHIdl7Xfe/QEicosrAdgaaY4cisCMEpd0/+pwZRrRoIg9D3my/Zk4nhpvd2Jupw==}
    engines: {slicc-kernel: '>=1.44.0'}

  '@ai-ecoverse/wasm-sed@4.9.0-3':
    resolution: {integrity: sha512-t+sfLSgTzFW5tyysusEtV7D1xPY/qELvbNAqbNobp8/q898b0zFZrM2b2/PjNN5o1O6jEgjOTHuT1Z71tzb9bw==}

  '@ai-ecoverse/wasm-tls-engine@3.6.5-1':
    resolution: {integrity: sha512-4dy6QCAUwpN6EG7njdeYDmtNXpy1+3jU+qLuwl6/dOs7S+fO/Ybcs+XfZWgp9LFUYEE1mQfr+8bqkgiOwK8RnQ==}

  '@ai-ecoverse/wasm-tree@2.3.2-1':
    resolution: {integrity: sha512-SRKXqI491XrD7vhNPpKKerreIAFsf0XpUmbOm6E4TBAIXSq6KTWcieVivGo/ZsW+cNdW9yOyLGaVVFIQEx+fUw==}

  '@ai-ecoverse/wasm-which@2.23.0-1':
    resolution: {integrity: sha512-ijCQxAjVhGT/2vlNrpNSWuXzGAGFOncJtad1QdYBD4iYB5AUdweGGTS+sfKVOb8C4OKgq6p/emFHp6KMhd9+jA==}

snapshots:

  '@ai-ecoverse/slicc-cdp@1.3.3': {}

  '@ai-ecoverse/slicc-kernel@1.47.1': {}

  '@ai-ecoverse/slicc-spectrum@1.47.3': {}

  '@ai-ecoverse/wasi-pnpm@12.9.1-8': {}

  '@ai-ecoverse/wasi-ripgrep@15.2.0-3': {}

  '@ai-ecoverse/wasm-bash@5.3.0-13': {}

  '@ai-ecoverse/wasm-coreutils@9.12.0-5': {}

  '@ai-ecoverse/wasm-curl@8.22.0-4': {}

  '@ai-ecoverse/wasm-diffutils@3.12.0-1': {}

  '@ai-ecoverse/wasm-findutils@4.11.0-1': {}

  '@ai-ecoverse/wasm-gawk@5.4.1-2': {}

  '@ai-ecoverse/wasm-grep@3.12.0-3': {}

  '@ai-ecoverse/wasm-jq@1.8.2-2': {}

  '@ai-ecoverse/wasm-less@668.0.0-2': {}

  '@ai-ecoverse/wasm-mount@1.0.0-1': {}

  '@ai-ecoverse/wasm-ncurses-utils@6.5.0-1': {}

  '@ai-ecoverse/wasm-patch@2.8.0-1': {}

  '@ai-ecoverse/wasm-procps@4.0.5-3': {}

  '@ai-ecoverse/wasm-sed@4.9.0-3': {}

  '@ai-ecoverse/wasm-tls-engine@3.6.5-1': {}

  '@ai-ecoverse/wasm-tree@2.3.2-1': {}

  '@ai-ecoverse/wasm-which@2.23.0-1': {}
