lockfileVersion: '9.0'

settings:
  autoInstallPeers: true
  excludeLinksFromLockfile: false

importers:

  .:
    dependencies:
      '@ai-ecoverse/slicc-kernel':
        specifier: 1.7.2
        version: 1.7.2
      '@ai-ecoverse/slicc-spectrum':
        specifier: 1.5.0
        version: 1.5.0
      '@ai-ecoverse/wasi-pnpm':
        specifier: 12.9.1-4
        version: 12.9.1-4
      '@ai-ecoverse/wasm-bash':
        specifier: 5.3.0-7
        version: 5.3.0-7
      '@ai-ecoverse/wasm-coreutils':
        specifier: 9.7.0-3
        version: 9.7.0-3
      '@ai-ecoverse/wasm-curl':
        specifier: 8.22.0-1
        version: 8.22.0-1
      '@ai-ecoverse/wasm-findutils':
        specifier: 4.10.0-1
        version: 4.10.0-1
      '@ai-ecoverse/wasm-gawk':
        specifier: 5.3.2-3
        version: 5.3.2-3
      '@ai-ecoverse/wasm-grep':
        specifier: 3.12.0-3
        version: 3.12.0-3
      '@ai-ecoverse/wasm-jq':
        specifier: 1.8.1-1
        version: 1.8.1-1
      '@ai-ecoverse/wasm-less':
        specifier: 668.0.0-1
        version: 668.0.0-1
      '@ai-ecoverse/wasm-sed':
        specifier: 4.9.0-3
        version: 4.9.0-3
      '@ai-ecoverse/wasm-tls-engine':
        specifier: 3.6.5-1
        version: 3.6.5-1

packages:

  '@ai-ecoverse/slicc-kernel@1.7.2':
    resolution: {integrity: sha512-Jsk05+voBfHBdR+uc1VuVYbSNGz+PY23F+koEH4trEVp/0vMff3ltilUElecp+KUiai53a1yq9rP9pu+HZYZnA==}
    engines: {node: '>=24'}

  '@ai-ecoverse/slicc-spectrum@1.5.0':
    resolution: {integrity: sha512-Umno7uJ72fCNiHQ7NCUqz4DAjI1lmVFr+WtX/1M3wUQ9N9wLsTae0Fedjx2LRn2G8N+oOlOwmIP+M630TBT7ng==}
    engines: {node: '>=24'}
    peerDependencies:
      '@shikijs/langs': 4.5.0
      '@shikijs/themes': 4.5.0
    peerDependenciesMeta:
      '@shikijs/langs':
        optional: true
      '@shikijs/themes':
        optional: true

  '@ai-ecoverse/wasi-pnpm@12.9.1-4':
    resolution: {integrity: sha512-D3QDiPDyTbeVvlZZx6HDu97rHOMV7SdJeyhBxVyCX5qYQkRTzEE0UJ9UpmUxhL1BkATfyRaO9fduixBMs0MJwA==}
    engines: {slicc-kernel: '>=1.7.2'}

  '@ai-ecoverse/wasm-bash@5.3.0-7':
    resolution: {integrity: sha512-XNfXF1z2vQvZuEYNm9D1n+mBRGWu4G0B8mkibEOKUpIhdaf/hkp8KCJzBtGMu4rkMb8AlqDSyTjI3RHyTqMD8w==}

  '@ai-ecoverse/wasm-coreutils@9.7.0-3':
    resolution: {integrity: sha512-92mx98TQI7IqsTfkChjI0g7sWdV1UCIH+X823oQfEBLlY86vI/joxDaH3wQuYyoyWmFE7jnWg9ePex/JT57Tfw==}

  '@ai-ecoverse/wasm-curl@8.22.0-1':
    resolution: {integrity: sha512-z0zqBmaDBgGVtIk6jFlSu6+zWi0/cErnX1cWwdekjqZvqcos6b/0Cjp6TqSTGRrOErvEMS/tPNO2sKuZJu8EoQ==}

  '@ai-ecoverse/wasm-findutils@4.10.0-1':
    resolution: {integrity: sha512-po+LETQGNQtaJ6z+YvbxRC1IoSR8afYcgHpPj07CYZ5Ep5yP6FwHhnRsMiyuux4UWtRDCTWBxEH5uqqwg+dnYg==}

  '@ai-ecoverse/wasm-gawk@5.3.2-3':
    resolution: {integrity: sha512-QRtW7PCozt9SQymaq+h3VpC3hrppLIa/AlQtLdr/7LDhoGREV165p55S8Z4qGlvtDXpbBMfDjEXy5QR9q6vOGw==}

  '@ai-ecoverse/wasm-grep@3.12.0-3':
    resolution: {integrity: sha512-2zUPO95WUlvdlRp2EOZW4ABaTvPdmF6qwX/mSWke1r51vW1NXTsqx1G+EXRwNFPzeYcOih17GViA0XGA7ph3/g==}

  '@ai-ecoverse/wasm-jq@1.8.1-1':
    resolution: {integrity: sha512-1ig4uO/dzDE6WoAwRmCnXn/SYv+Ux5Iac3+Ubb/eES9WQSffrnRMXi2YXIbYN7zEHlw6b2dlGfadYiR3isg2yg==}

  '@ai-ecoverse/wasm-less@668.0.0-1':
    resolution: {integrity: sha512-1aUW5mgMfca6fyUMKRc1sILTe8PwokaP1kpZezOX6BhFkzMWnvzDir/U08Rtj6Uyn7fudHIZmKfSh47P/5Ph0A==}

  '@ai-ecoverse/wasm-sed@4.9.0-3':
    resolution: {integrity: sha512-t+sfLSgTzFW5tyysusEtV7D1xPY/qELvbNAqbNobp8/q898b0zFZrM2b2/PjNN5o1O6jEgjOTHuT1Z71tzb9bw==}

  '@ai-ecoverse/wasm-tls-engine@3.6.5-1':
    resolution: {integrity: sha512-4dy6QCAUwpN6EG7njdeYDmtNXpy1+3jU+qLuwl6/dOs7S+fO/Ybcs+XfZWgp9LFUYEE1mQfr+8bqkgiOwK8RnQ==}

snapshots:

  '@ai-ecoverse/slicc-kernel@1.7.2': {}

  '@ai-ecoverse/slicc-spectrum@1.5.0': {}

  '@ai-ecoverse/wasi-pnpm@12.9.1-4': {}

  '@ai-ecoverse/wasm-bash@5.3.0-7': {}

  '@ai-ecoverse/wasm-coreutils@9.7.0-3': {}

  '@ai-ecoverse/wasm-curl@8.22.0-1': {}

  '@ai-ecoverse/wasm-findutils@4.10.0-1': {}

  '@ai-ecoverse/wasm-gawk@5.3.2-3': {}

  '@ai-ecoverse/wasm-grep@3.12.0-3': {}

  '@ai-ecoverse/wasm-jq@1.8.1-1': {}

  '@ai-ecoverse/wasm-less@668.0.0-1': {}

  '@ai-ecoverse/wasm-sed@4.9.0-3': {}

  '@ai-ecoverse/wasm-tls-engine@3.6.5-1': {}
